# package\tversion\tarchive\tsha256
mingw-w64-i686-SDL2	2.32.10-1	mingw-w64-i686-SDL2-2.32.10-1-any.pkg.tar.zst	81b39469a581fd4b1bd1d88785fbb02d5a46c9ef85343a620c8ae2f877ac6c42
mingw-w64-i686-aom	3.14.1-1	mingw-w64-i686-aom-3.14.1-1-any.pkg.tar.zst	b01748bb9ab599bb498722c911a0981e6f120c32295e3971e165a771459eb931
mingw-w64-i686-binutils	2.47-3	mingw-w64-i686-binutils-2.47-3-any.pkg.tar.zst	f33f96e50eb2ac19b3511cd4ab1cd519c9efafa396d490d003210227e4f12451
mingw-w64-i686-brotli	1.2.0-1	mingw-w64-i686-brotli-1.2.0-1-any.pkg.tar.zst	354c0208f0e62b32771fac0abad920278a2d47313e62d6681786bc8a14e3c44d
mingw-w64-i686-bzip2	1.0.8-4	mingw-w64-i686-bzip2-1.0.8-4-any.pkg.tar.zst	388da015be5064f46ca2442d4beecf7cae47b3c56c71702ae72a8eceaad1f845
mingw-w64-i686-cc-libs	16.2.0-4	mingw-w64-i686-cc-libs-16.2.0-4-any.pkg.tar.zst	0e8ba00279cf93c022c916816b378a836812b2c86688df720108fd3c332b5ce6
mingw-w64-i686-crt	14.0.0.r409.g6de5d3b4d-1	mingw-w64-i686-crt-14.0.0.r409.g6de5d3b4d-1-any.pkg.tar.zst	53fecee9291b51dd014cd8bea98f75c80249bda09f178a56d83b4a1764fedce0
mingw-w64-i686-dav1d	1.5.4-1	mingw-w64-i686-dav1d-1.5.4-1-any.pkg.tar.zst	0f9783a37c2eac2e41bb6c988f03cb8869345a62b1df5b1f553f7c3817de6501
mingw-w64-i686-expat	2.8.4-2	mingw-w64-i686-expat-2.8.4-2-any.pkg.tar.zst	b1756582feb3570185f4f7b2e1fd650070d098e0a7435ed3cb3b8ab8ecab1fbc
mingw-w64-i686-fftw	3.3.10-5	mingw-w64-i686-fftw-3.3.10-5-any.pkg.tar.zst	16c73fdf6c1c29bd194a2dae7f99415d02c65d2908d1036721b17c267bdecda2
mingw-w64-i686-flac	1.5.0-2	mingw-w64-i686-flac-1.5.0-2-any.pkg.tar.zst	618d14714de8de2d5e5277f67e8b3afff0707aabc7860f9559b99a0edc1a4890
mingw-w64-i686-fontconfig	2.18.2-1	mingw-w64-i686-fontconfig-2.18.2-1-any.pkg.tar.zst	22fa50df3f8e4bf5f59f63cf82242928f211bdaf16ef84ad3e26be25a83d15ae
mingw-w64-i686-freetype	2.14.3-1	mingw-w64-i686-freetype-2.14.3-1-any.pkg.tar.zst	1b6a3eec656d8ff7c5b001e4b2af45d5f9bf895697003850db0013b80829be9b
mingw-w64-i686-frei0r-plugins	3.2.3-1	mingw-w64-i686-frei0r-plugins-3.2.3-1-any.pkg.tar.zst	51640fb68dca1f1d2a508cfd066f307b973deb7f0dc199528eaf843821d33ddf
mingw-w64-i686-fribidi	1.0.16-1	mingw-w64-i686-fribidi-1.0.16-1-any.pkg.tar.zst	71bd4b56fde348dc12ea080c39c09322d23c9f1ce727fe8ae255db80cbdf3447
mingw-w64-i686-gcc	16.2.0-4	mingw-w64-i686-gcc-16.2.0-4-any.pkg.tar.zst	048bb935f812c2e3d14f569fac08434d07874bfbff9bce913e17e593ecf91738
mingw-w64-i686-gcc-libs	16.2.0-4	mingw-w64-i686-gcc-libs-16.2.0-4-any.pkg.tar.zst	9fb672f9831e427266b3c0c1df4fe0ebaddf58762876b92599e617c862dbc1a7
mingw-w64-i686-gettext-runtime	1.0-1	mingw-w64-i686-gettext-runtime-1.0-1-any.pkg.tar.zst	b096eb69be4710c74e1a568f8a6fc05acdaf5fd1cccdf3ba10b62bc74df1dde3
mingw-w64-i686-giflib	6.1.3-1	mingw-w64-i686-giflib-6.1.3-1-any.pkg.tar.zst	066338ab54ab9024cfff7f25c3b518b4474d34c60ac48b997cfa16c98929673f
mingw-w64-i686-glib2	2.90.0-1	mingw-w64-i686-glib2-2.90.0-1-any.pkg.tar.zst	36369b5e85cf7a6e8610e9fb12fd7f705e3c3bfabb9aad3ede13f56d6a641195
mingw-w64-i686-gmp	6.3.0-2	mingw-w64-i686-gmp-6.3.0-2-any.pkg.tar.zst	cb23f87b33c20ae2de9638145a56bffdddf01a2afce2cb6dc43753d4e27bc448
mingw-w64-i686-gnutls	3.8.13-3	mingw-w64-i686-gnutls-3.8.13-3-any.pkg.tar.zst	680583ed523686e9366a37050a0b6472c0a0c1d35d1642a43ef3c26c2bcf5982
mingw-w64-i686-graphite2	1.3.15-1	mingw-w64-i686-graphite2-1.3.15-1-any.pkg.tar.zst	534a747d88e974291212e2abe5f35393fcffa9620311418b07af2a894daaf5bc
mingw-w64-i686-gsm	1.0.24-1	mingw-w64-i686-gsm-1.0.24-1-any.pkg.tar.zst	76e85ed6ab916415aa5af2323047c97ce0a4fb5f77c6d06528aabdac07a9ed2c
mingw-w64-i686-harfbuzz	14.4.0-1	mingw-w64-i686-harfbuzz-14.4.0-1-any.pkg.tar.zst	f40e99a7f06bf36f3c1f7a0ccc23dad94ce9a5f0aa27b7f03de5c2b4c586db0a
mingw-w64-i686-headers	14.0.0.r409.g6de5d3b4d-1	mingw-w64-i686-headers-14.0.0.r409.g6de5d3b4d-1-any.pkg.tar.zst	301874c7eaeba4b9ef702c9e78868fa0b4309387c7ef926f2cf1cc0285c9cef5
mingw-w64-i686-highway	1.4.0-3	mingw-w64-i686-highway-1.4.0-3-any.pkg.tar.zst	8f6d48d5ff012d0fc140d7a145fc8ad448b4d14d8f0863e5bd3ba40bfd4c91b8
mingw-w64-i686-imath	3.2.2-4	mingw-w64-i686-imath-3.2.2-4-any.pkg.tar.zst	7334634a212e6318628453ceb5977b9cf672c67e2fafb5f4088ce3670380fa91
mingw-w64-i686-isl	0.28-1	mingw-w64-i686-isl-0.28-1-any.pkg.tar.zst	df526ad433d959e5910e0f49f0343c61c992d5e8a7b28e27ca2bd8ffdf07304c
mingw-w64-i686-jbigkit	2.1-6	mingw-w64-i686-jbigkit-2.1-6-any.pkg.tar.zst	14f44412c4d4e3f87c87bc2fac458ad3de384306a93f10396b26e30068a9de31
mingw-w64-i686-ladspa-sdk	1.17-2	mingw-w64-i686-ladspa-sdk-1.17-2-any.pkg.tar.zst	bd179492e111401c7c0cdb593764fb193e7d19dea4cce0d9474ff7f37f107dcc
mingw-w64-i686-lame	3.100-3	mingw-w64-i686-lame-3.100-3-any.pkg.tar.zst	ca087ba772cebf66e8ae90f2990e9bf7d1860c9f8a089d15872647f9a9abe98e
mingw-w64-i686-lcms2	2.19.1-1	mingw-w64-i686-lcms2-2.19.1-1-any.pkg.tar.zst	4a1a8fce955cbad9b812b08d90742955de99487fc81d5adf6413124334313273
mingw-w64-i686-lerc	4.1.1-1	mingw-w64-i686-lerc-4.1.1-1-any.pkg.tar.zst	3670ed46a40f466f100d26532d0bf99e0692838e3507b1e820bc6fd3c5111802
mingw-w64-i686-libass	0.17.5-1	mingw-w64-i686-libass-0.17.5-1-any.pkg.tar.zst	18bf95a77412a2d994e832ee76f1211208db5c461034c0681ed735af3de67839
mingw-w64-i686-libatomic	16.2.0-4	mingw-w64-i686-libatomic-16.2.0-4-any.pkg.tar.zst	ed452016f94d1090962cd19a49199334ef457ac60c44e295a18ba725a83b33c3
mingw-w64-i686-libb2	0.98.1-3	mingw-w64-i686-libb2-0.98.1-3-any.pkg.tar.zst	7b5534ae9b2725698932c8b43daab7e67ef687aa8406d8edd02ffaa58b05abb5
mingw-w64-i686-libbluray	1.4.1-1	mingw-w64-i686-libbluray-1.4.1-1-any.pkg.tar.zst	f09b42ebd39ad5cd09bbfae83765d1fac932d20dda815eb274fb65849fa32cbc
mingw-w64-i686-libcaca	0.99.beta20-8	mingw-w64-i686-libcaca-0.99.beta20-8-any.pkg.tar.zst	2f923ff9aeb612aa4fbb90a63f50a8674b9ff232f3623b3607347dd36f6688a3
mingw-w64-i686-libdeflate	1.26-1	mingw-w64-i686-libdeflate-1.26-1-any.pkg.tar.zst	d4dd2b78bda88f365b19f4e7e3307f09abce602c84fd707100ba87c4d1a5d8ef
mingw-w64-i686-libexif	0.6.26-1	mingw-w64-i686-libexif-0.6.26-1-any.pkg.tar.zst	3809072c636de26bbb4564a79316247af99096955499f001b85a8214af2998d1
mingw-w64-i686-libffi	3.8.0-1	mingw-w64-i686-libffi-3.8.0-1-any.pkg.tar.zst	81693922f14ab53d9d3fae6ba737d4e78bdeb30f0e7546399e26b07763c1d6b0
mingw-w64-i686-libgcc	16.2.0-4	mingw-w64-i686-libgcc-16.2.0-4-any.pkg.tar.zst	09fb7b5a39557d01517c392bbcec01f9dbd1079289a87befd6363f4ddc4957af
mingw-w64-i686-libgme	0.6.5-2	mingw-w64-i686-libgme-0.6.5-2-any.pkg.tar.zst	c09b7689b5bcd2ed496ae7fc2e2e278089a62771b79e538d9b271031f4bc8d74
mingw-w64-i686-libgomp	16.2.0-4	mingw-w64-i686-libgomp-16.2.0-4-any.pkg.tar.zst	0f9dbaba0953e32f8947812a80b59e96faee4f2fee5a22eb8a0b1973d5f7026c
mingw-w64-i686-libiconv	1.19-1	mingw-w64-i686-libiconv-1.19-1-any.pkg.tar.zst	12307416cfe45b6fbe1fb29c28594590bb59883856edf41b043d0daf684e4668
mingw-w64-i686-libidn2	2.3.8-4	mingw-w64-i686-libidn2-2.3.8-4-any.pkg.tar.zst	57490f1127f2cc8d38f7202f8e02d30655f8073bf6d4e7d1199d3b502095fedb
mingw-w64-i686-libjpeg-turbo	3.2.0-1	mingw-w64-i686-libjpeg-turbo-3.2.0-1-any.pkg.tar.zst	89032996e894792dcc28bcccccdf428e8a493e66ac5adf54f1d32e88a655d7e9
mingw-w64-i686-libjxl	0.12.0-1	mingw-w64-i686-libjxl-0.12.0-1-any.pkg.tar.zst	e8edf6496525e12f1b6a3b510343db9f3eca7245ba64ec489e3afadda04dec7f
mingw-w64-i686-libmodplug	0.8.9.0-5	mingw-w64-i686-libmodplug-0.8.9.0-5-any.pkg.tar.zst	61a486434fb107f63a11deea570dcba1a5dcf84a84d8860ed610b7fdace379de
mingw-w64-i686-libmysofa	1.3.4-1	mingw-w64-i686-libmysofa-1.3.4-1-any.pkg.tar.zst	0f64289d79566e6ef2149ec47f7a5cc25bb6b4a7399ee1f2fa6183bf747c16dc
mingw-w64-i686-libogg	1.3.6-1	mingw-w64-i686-libogg-1.3.6-1-any.pkg.tar.zst	e4ffad8817a89da8e35d8f3f40082a7d2e5baa0ca6b1da5ab19b03153c493f19
mingw-w64-i686-libpng	1.6.58-1	mingw-w64-i686-libpng-1.6.58-1-any.pkg.tar.zst	1a67a6b37e4a77743e8d06e33b331218f9d6285d0ddb22ee0cfe6316a3ae463c
mingw-w64-i686-libquadmath	16.2.0-4	mingw-w64-i686-libquadmath-16.2.0-4-any.pkg.tar.zst	bf04f4ccb8966b7999c8d2a1c477e8bde3e649b2a7733b28e7eecea5b6bc497b
mingw-w64-i686-libsamplerate	0.2.2-1	mingw-w64-i686-libsamplerate-0.2.2-1-any.pkg.tar.zst	027a6f6b885d8c0d02fc3b16233b7cc5f508d6c17dfed3fa030c12f8746707d8
mingw-w64-i686-libsndfile	1.2.2-1	mingw-w64-i686-libsndfile-1.2.2-1-any.pkg.tar.zst	8c2456930e1223d05752e99a9afb914c4829cd7bac3cde682c23e887e7a42a81
mingw-w64-i686-libsodium	1.0.19-2	mingw-w64-i686-libsodium-1.0.19-2-any.pkg.tar.zst	cd22f3968d13bb9d8a8bd28a5f43c1f8666e7c586811154f977e8d5ceef9fa54
mingw-w64-i686-libsoxr	0.1.3-5	mingw-w64-i686-libsoxr-0.1.3-5-any.pkg.tar.zst	ab2c8e73eff76e4ea971461c9c9fd5445ebbae52967efec7c730749de0087bcc
mingw-w64-i686-libssh	0.12.2-1	mingw-w64-i686-libssh-0.12.2-1-any.pkg.tar.zst	bf35050f8208592994b4e8ae9ee840f37ebce576181e3a5b9018163ce66eff36
mingw-w64-i686-libstdc++	16.2.0-4	mingw-w64-i686-libstdc%2B%2B-16.2.0-4-any.pkg.tar.zst	c1469c1abe5bd49fd2ef737dbfd90f1a3a75527e732eee5c760f73f20e0a38f5
mingw-w64-i686-libsystre	1.0.2-3	mingw-w64-i686-libsystre-1.0.2-3-any.pkg.tar.zst	11d04774600c3a500b8207defb1a7382f3018650cefa3578098043671ef530ab
mingw-w64-i686-libtasn1	4.21.0-1	mingw-w64-i686-libtasn1-4.21.0-1-any.pkg.tar.zst	b4b3309bfd40151d2b30ad3c86b2bc24e43494927a33626cac691aeacf89f0e9
mingw-w64-i686-libtheora	1.2.0-1	mingw-w64-i686-libtheora-1.2.0-1-any.pkg.tar.zst	19100d580dade45c02eb66d7efd0cbae652b1924444d50918b156177c49928dc
mingw-w64-i686-libtiff	4.7.2-1	mingw-w64-i686-libtiff-4.7.2-1-any.pkg.tar.zst	66a520ccf8a4b7afc454edfe983e0ec01f837c827153b6373fc53bd36609ac61
mingw-w64-i686-libtre	0.9.0-2	mingw-w64-i686-libtre-0.9.0-2-any.pkg.tar.zst	f1b8e34f218d466345fb385dff772ad2cfc13164a8ba99f2b51536f3da84b17a
mingw-w64-i686-libunibreak	7.0-1	mingw-w64-i686-libunibreak-7.0-1-any.pkg.tar.zst	3adae9c7b9b1cd8bdfd0b32fa7df018eecdd962ca32ed9c47c798292791aab79
mingw-w64-i686-libunistring	1.4.2-1	mingw-w64-i686-libunistring-1.4.2-1-any.pkg.tar.zst	c8e6b485cecfb908674cea221b00a65897cd5aaa0bd6ee366ac3b4914ff9155a
mingw-w64-i686-libva	2.24.1-1	mingw-w64-i686-libva-2.24.1-1-any.pkg.tar.zst	8b8fb9ecb01e5dd0038a07c15964c2f34e892f6f990be913d67e35a0e63d03d8
mingw-w64-i686-libvorbis	1.3.7-3	mingw-w64-i686-libvorbis-1.3.7-3-any.pkg.tar.zst	4a293b2e36f2d0029ab5f9ba945e682b0ca4500f391d37baff47a343ee3f05cb
mingw-w64-i686-libvpl	2.17.0-1	mingw-w64-i686-libvpl-2.17.0-1-any.pkg.tar.zst	fc141b6b2d06b8d7be3a015b2b0556733198842d96dda8972df288597aa7b6d7
mingw-w64-i686-libvpx	1.16.0-1	mingw-w64-i686-libvpx-1.16.0-1-any.pkg.tar.zst	3c089125333f8b43ae58b76d3507b6f1a0397a29564be3ef603ed18d06b009ce
mingw-w64-i686-libwebp	1.6.0-1	mingw-w64-i686-libwebp-1.6.0-1-any.pkg.tar.zst	38fc1bfcdeef00bedf0fd3a0ce53193d7b5a3d0603662fe7aa761c58caedc444
mingw-w64-i686-libwinpthread	14.0.0.r409.g6de5d3b4d-1	mingw-w64-i686-libwinpthread-14.0.0.r409.g6de5d3b4d-1-any.pkg.tar.zst	37b6905d8a9ba592876cb6edb52eaf339dd16580e960990039321aa5dd54e64e
mingw-w64-i686-libx264	0.165.r3222.b35605a-2	mingw-w64-i686-libx264-0.165.r3222.b35605a-2-any.pkg.tar.zst	1a7f7d096afff393b67a9dca450e7a7c7fa6975782f4cd664f00bee210f8fc9e
mingw-w64-i686-libxml2	2.15.4-1	mingw-w64-i686-libxml2-2.15.4-1-any.pkg.tar.zst	212c1950464426e82f9f504be69b8469c92e9837bb21404895992fb9540458cd
mingw-w64-i686-lv2	1.18.10-1	mingw-w64-i686-lv2-1.18.10-1-any.pkg.tar.zst	cea98d9127fa290f026845875a357d5ae8a72d768f8e106441d573b046e2d3b0
mingw-w64-i686-make	4.4.1-5	mingw-w64-i686-make-4.4.1-5-any.pkg.tar.zst	99ec08ede59a9e70aeb6789afc4d37ee8d3209c5b5efcfb3ffdbcaee04b94562
mingw-w64-i686-mpc	1.4.1-1	mingw-w64-i686-mpc-1.4.1-1-any.pkg.tar.zst	200e0a7612c2b667507a03d08b51f45e12db8bfc076fd5185f7c58f2c8a9acde
mingw-w64-i686-mpdecimal	4.0.1-3	mingw-w64-i686-mpdecimal-4.0.1-3-any.pkg.tar.zst	65ee95da0bb9e563b89705647332495e4731a5339656795dd42f96308c29a82b
mingw-w64-i686-mpfr	4.2.2-3	mingw-w64-i686-mpfr-4.2.2-3-any.pkg.tar.zst	87cd116c4e4deb2fe89b713c58e6c123c0b415ffff97d13ab2465bbca316c33c
mingw-w64-i686-mpg123	1.33.7-1	mingw-w64-i686-mpg123-1.33.7-1-any.pkg.tar.zst	560be7db4c92c36bc47009e4343261834f9ca09468c98be127d3966916e8f2ff
mingw-w64-i686-ncurses	6.6-4	mingw-w64-i686-ncurses-6.6-4-any.pkg.tar.zst	b27a42a41e312dcb3c44c902d3a9e19069f0a485367aff58fdc104474d0a6553
mingw-w64-i686-nettle	4.0-1	mingw-w64-i686-nettle-4.0-1-any.pkg.tar.zst	e0f94630e60bbd325c17652e931522009c5e4c27421c4fad3229355290ac6d0d
mingw-w64-i686-openal	1.25.2-1	mingw-w64-i686-openal-1.25.2-1-any.pkg.tar.zst	84ade4b9611b978c72354cad9fbcc337dda296ab53f2aefe7bdb0007cb2e7cd5
mingw-w64-i686-opencore-amr	0.1.6-1	mingw-w64-i686-opencore-amr-0.1.6-1-any.pkg.tar.zst	376bd81ceec60e36d803481f0e6ba412278ee33dab535ce8042269a880fcfa63
mingw-w64-i686-openexr	3.4.13-4	mingw-w64-i686-openexr-3.4.13-4-any.pkg.tar.zst	24ac726ed18c3d256dba5e3657607c0e2998d32421d886b85e862653b02d8265
mingw-w64-i686-openh264	2.6.0-1	mingw-w64-i686-openh264-2.6.0-1-any.pkg.tar.zst	b4979de92a7cf139da20468d41602f036ac7bdfc64a57780941e7293ab16d510
mingw-w64-i686-openjpeg2	2.5.4-2	mingw-w64-i686-openjpeg2-2.5.4-2-any.pkg.tar.zst	191c632f49f5563985931fa603dfccfd2bb7703291e64a378525031e9fb128c3
mingw-w64-i686-openjph	0.31.0-1	mingw-w64-i686-openjph-0.31.0-1-any.pkg.tar.zst	bc61538b124e94acb5ee6d5cd2dd8f74945740c2a62241df9e013a9cfce9c3c7
mingw-w64-i686-openssl	3.6.4-1	mingw-w64-i686-openssl-3.6.4-1-any.pkg.tar.zst	ffc49cb7560a052e3e834578b4c0377dc5beb4a490b5b9464b3b4a0315dfb562
mingw-w64-i686-opus	1.6.1-1	mingw-w64-i686-opus-1.6.1-1-any.pkg.tar.zst	e5dc823994f4573b6bd47b9bb29d3cd00ceeed0d5c48f755b627294c0b107437
mingw-w64-i686-p11-kit	0.26.5-1	mingw-w64-i686-p11-kit-0.26.5-1-any.pkg.tar.zst	f2d90c8ba527eb6880c0d8f8b28e816ef5affa5187276c66c15ddf02fcc8ff27
mingw-w64-i686-pcre2	10.48-3	mingw-w64-i686-pcre2-10.48-3-any.pkg.tar.zst	ecc39936e79d8920d49c83ea3c64543b50e8246a29f33c4460f2b85633151d7f
mingw-w64-i686-pkgconf	1~3.0.7-1	mingw-w64-i686-pkgconf-1~3.0.7-1-any.pkg.tar.zst	736d7fb2fa1d337381af2fd65cd41c9c569dfe5faffa2f91f2cce0a5bfbbc79e
mingw-w64-i686-python	3.14.7-1	mingw-w64-i686-python-3.14.7-1-any.pkg.tar.zst	b594b773b988b1469031dc2fc23cc88ac93b4cf518890ef16a39ea7f2fdda7c4
mingw-w64-i686-python-packaging	26.3-1	mingw-w64-i686-python-packaging-26.3-1-any.pkg.tar.zst	de6b3fdf9aefe691fa188116373742bef0bdb6849c7f44ae15a448320c847683
mingw-w64-i686-rtmpdump	2.6-2	mingw-w64-i686-rtmpdump-2.6-2-any.pkg.tar.zst	d227e910f49ce3d12b769023749ce311d738a82e7c640404d9ed13441b97a597
mingw-w64-i686-rubberband	3.3.0-1	mingw-w64-i686-rubberband-3.3.0-1-any.pkg.tar.zst	b885a0ccd2c0ada050418afa8c7396ed54d37d996cc70151a2cb85f50ab480f4
mingw-w64-i686-snappy	1.2.2-1	mingw-w64-i686-snappy-1.2.2-1-any.pkg.tar.zst	f8bd93d8cf09355b3435b70cef654f5247264624fbe3c53d6d237a16852bb6e8
mingw-w64-i686-speex	1.2.1-1	mingw-w64-i686-speex-1.2.1-1-any.pkg.tar.zst	e7661798348a8dc6aed02bb586519b855496fc30ef75de1fd40695d4f3326053
mingw-w64-i686-speexdsp	1.2.1-1	mingw-w64-i686-speexdsp-1.2.1-1-any.pkg.tar.zst	0562f4103ead06ddaf35ca312ca30967e4412a10f477ece9f45987b6c3f5556b
mingw-w64-i686-sqlite3	3.53.4-1	mingw-w64-i686-sqlite3-3.53.4-1-any.pkg.tar.zst	b34ffa392855360e4f30120268f2395ddaaa9567e28eb89386fb55194329a4e4
mingw-w64-i686-srt	1.5.6-1	mingw-w64-i686-srt-1.5.6-1-any.pkg.tar.zst	a8cad3683b7ff8b1becdb583f8610b5805dac64f99883b546805907ee786050d
mingw-w64-i686-tcl	8.6.18-1	mingw-w64-i686-tcl-8.6.18-1-any.pkg.tar.zst	debd51f44e63ce7c33b7233b9881dd2489abedc74ecc17a6820baaa8c2fe7f64
mingw-w64-i686-tk	8.6.18-1	mingw-w64-i686-tk-8.6.18-1-any.pkg.tar.zst	6fe926b455cc7414a09864f0870050303d38432c715e00f9f20c8a7c79524e7f
mingw-w64-i686-tools	14.0.0.r409.g6de5d3b4d-1	mingw-w64-i686-tools-14.0.0.r409.g6de5d3b4d-1-any.pkg.tar.zst	1571c3e7f862b22635f757330a16aad7ba814f21d2f1d6db30ce1f0f8f2c0669
mingw-w64-i686-tzdata	2026d-1	mingw-w64-i686-tzdata-2026d-1-any.pkg.tar.zst	ad0e794be20b36a73ab9d303ed911551d75f87147a6a07b99daf4201db9ec924
mingw-w64-i686-vamp-plugin-sdk	2.10.0-3	mingw-w64-i686-vamp-plugin-sdk-2.10.0-3-any.pkg.tar.zst	c97eb57b424d6df55fe2b9554b8c33b432c1a8b9a41d5e2dbfb5b099c152ce8b
mingw-w64-i686-vid.stab	1.1.1-1	mingw-w64-i686-vid.stab-1.1.1-1-any.pkg.tar.zst	95de0f4083f71d4f42d4c4b214edee66682956b0487be216b614de0f3f04b3b3
mingw-w64-i686-windows-default-manifest	20260815-1	mingw-w64-i686-windows-default-manifest-20260815-1-any.pkg.tar.zst	286f32e4f875136121ae156710e0a0c22c6a698b7e1e346201fc99a8b761e44c
mingw-w64-i686-wineditline	2.208-1	mingw-w64-i686-wineditline-2.208-1-any.pkg.tar.zst	52149323a3ad90dd767e1a3108652658905d8ca325c48b20b26216028d39d59c
mingw-w64-i686-winpthreads	14.0.0.r409.g6de5d3b4d-1	mingw-w64-i686-winpthreads-14.0.0.r409.g6de5d3b4d-1-any.pkg.tar.zst	c6a376722b05cf0d27d3a73af1a46a61f9580604be3b103dc0095359433f7b0a
mingw-w64-i686-x265	4.3-1	mingw-w64-i686-x265-4.3-1-any.pkg.tar.zst	1143a70ff857c550e276640c1308072ce460a18f89c843259eb54c8dc829f861
mingw-w64-i686-xvidcore	1.3.7-5	mingw-w64-i686-xvidcore-1.3.7-5-any.pkg.tar.zst	ac476cf69c08ccbbe3195b42d71870a8485f67daf303e80884d39b2c37494770
mingw-w64-i686-xz	5.8.4-1	mingw-w64-i686-xz-5.8.4-1-any.pkg.tar.zst	b4517bb12a6fbf4f34d606dfdfed33bd2277eb2a2aade2a64365742580967b4d
mingw-w64-i686-zeromq	4.3.5-3	mingw-w64-i686-zeromq-4.3.5-3-any.pkg.tar.zst	01d65132e0b8039800aa0652414f98c8e70fa699584ad611863ae3936aa8ea53
mingw-w64-i686-zimg	3.0.6-3	mingw-w64-i686-zimg-3.0.6-3-any.pkg.tar.zst	77b00f2112828942f782503921e0ccf0d18f73594ec8736397ad57625520725a
mingw-w64-i686-zlib	1.3.2-2	mingw-w64-i686-zlib-1.3.2-2-any.pkg.tar.zst	03d1f7030adc892eb1ee8434f7201847093ff69b8ad9ff77a650d6dfae72083a
mingw-w64-i686-zstd	1.5.7-2	mingw-w64-i686-zstd-1.5.7-2-any.pkg.tar.zst	e31d4194702b12f83b7b27b03fe4a68a5c2edc63dc4bd4689ab9d5a7bd8e5fff
mingw-w64-i686-zvbi	0.2.44-2	mingw-w64-i686-zvbi-0.2.44-2-any.pkg.tar.zst	8b2f383c106bff4d3aaca5092789fb4940c4e0581eb74c455aeaaa3d48be8f43
